
Microsoft Visual Studio Solution File, Format Version 12.00
# Visual Studio Version 16
VisualStudioVersion = 16.0.31112.23
MinimumVisualStudioVersion = 10.0.40219.1
Project("{9A19103F-16F7-4668-BE54-9A1E7A4F7556}") = "DNA.API", "DNA.API\DNA.API.csproj", "{3A870AF6-C884-4B2F-B12B-4D55C738D20F}"
EndProject
Project("{9A19103F-16F7-4668-BE54-9A1E7A4F7556}") = "DNA.Domain", "DNA.Domain\DNA.Domain.csproj", "{B555DFA1-D74C-4CB4-A952-B32AA844C986}"
EndProject
Project("{9A19103F-16F7-4668-BE54-9A1E7A4F7556}") = "DNA.Persistence", "DNA.Persistence\DNA.Persistence.csproj", "{CE3C72CD-7EAF-40F8-BF30-A81734C77639}"
EndProject
Project("{2150E333-8FDC-42A3-9474-1A3956D46DE8}") = "Modules", "Modules", "{54C62F71-2295-4E95-83CB-1A86E06377A9}"
EndProject
Project("{9A19103F-16F7-4668-BE54-9A1E7A4F7556}") = "DNA.API.Module", "Modules\DNA.API.Module\DNA.API.Module.csproj", "{9569F25A-1CD3-49E9-BDC1-82EA22DF32C9}"
EndProject
Project("{2150E333-8FDC-42A3-9474-1A3956D46DE8}") = "Plugins", "Plugins", "{C1140C43-D31B-4DCB-BAEA-591EFA92FF09}"
EndProject
Project("{9A19103F-16F7-4668-BE54-9A1E7A4F7556}") = "DNA.API.PluginTemplate", "Plugins\DNA.API.PluginTemplate\DNA.API.PluginTemplate.csproj", "{A5F4E123-D56B-4822-9E00-8AB0238451AD}"
EndProject
Project("{FAE04EC0-301F-11D3-BF4B-00C04F79EFBC}") = "S8.SmsModule", "Modules\S8.SmsModule\S8.SmsModule.csproj", "{D65952A6-13C5-4924-AE8F-3B5EEE1E7C3F}"
EndProject
Global
	GlobalSection(SolutionConfigurationPlatforms) = preSolution
		Debug|Any CPU = Debug|Any CPU
		Release|Any CPU = Release|Any CPU
	EndGlobalSection
	GlobalSection(ProjectConfigurationPlatforms) = postSolution
		{3A870AF6-C884-4B2F-B12B-4D55C738D20F}.Debug|Any CPU.ActiveCfg = Debug|Any CPU
		{3A870AF6-C884-4B2F-B12B-4D55C738D20F}.Debug|Any CPU.Build.0 = Debug|Any CPU
		{3A870AF6-C884-4B2F-B12B-4D55C738D20F}.Release|Any CPU.ActiveCfg = Release|Any CPU
		{3A870AF6-C884-4B2F-B12B-4D55C738D20F}.Release|Any CPU.Build.0 = Release|Any CPU
		{B555DFA1-D74C-4CB4-A952-B32AA844C986}.Debug|Any CPU.ActiveCfg = Debug|Any CPU
		{B555DFA1-D74C-4CB4-A952-B32AA844C986}.Debug|Any CPU.Build.0 = Debug|Any CPU
		{B555DFA1-D74C-4CB4-A952-B32AA844C986}.Release|Any CPU.ActiveCfg = Release|Any CPU
		{B555DFA1-D74C-4CB4-A952-B32AA844C986}.Release|Any CPU.Build.0 = Release|Any CPU
		{CE3C72CD-7EAF-40F8-BF30-A81734C77639}.Debug|Any CPU.ActiveCfg = Debug|Any CPU
		{CE3C72CD-7EAF-40F8-BF30-A81734C77639}.Debug|Any CPU.Build.0 = Debug|Any CPU
		{CE3C72CD-7EAF-40F8-BF30-A81734C77639}.Release|Any CPU.ActiveCfg = Release|Any CPU
		{CE3C72CD-7EAF-40F8-BF30-A81734C77639}.Release|Any CPU.Build.0 = Release|Any CPU
		{9569F25A-1CD3-49E9-BDC1-82EA22DF32C9}.Debug|Any CPU.ActiveCfg = Debug|Any CPU
		{9569F25A-1CD3-49E9-BDC1-82EA22DF32C9}.Debug|Any CPU.Build.0 = Debug|Any CPU
		{9569F25A-1CD3-49E9-BDC1-82EA22DF32C9}.Release|Any CPU.ActiveCfg = Release|Any CPU
		{9569F25A-1CD3-49E9-BDC1-82EA22DF32C9}.Release|Any CPU.Build.0 = Release|Any CPU
		{A5F4E123-D56B-4822-9E00-8AB0238451AD}.Debug|Any CPU.ActiveCfg = Debug|Any CPU
		{A5F4E123-D56B-4822-9E00-8AB0238451AD}.Debug|Any CPU.Build.0 = Debug|Any CPU
		{A5F4E123-D56B-4822-9E00-8AB0238451AD}.Release|Any CPU.ActiveCfg = Release|Any CPU
		{A5F4E123-D56B-4822-9E00-8AB0238451AD}.Release|Any CPU.Build.0 = Release|Any CPU
		{D65952A6-13C5-4924-AE8F-3B5EEE1E7C3F}.Debug|Any CPU.ActiveCfg = Debug|Any CPU
		{D65952A6-13C5-4924-AE8F-3B5EEE1E7C3F}.Debug|Any CPU.Build.0 = Debug|Any CPU
		{D65952A6-13C5-4924-AE8F-3B5EEE1E7C3F}.Release|Any CPU.ActiveCfg = Release|Any CPU
		{D65952A6-13C5-4924-AE8F-3B5EEE1E7C3F}.Release|Any CPU.Build.0 = Release|Any CPU
	EndGlobalSection
	GlobalSection(SolutionProperties) = preSolution
		HideSolutionNode = FALSE
	EndGlobalSection
	GlobalSection(NestedProjects) = preSolution
		{9569F25A-1CD3-49E9-BDC1-82EA22DF32C9} = {54C62F71-2295-4E95-83CB-1A86E06377A9}
		{A5F4E123-D56B-4822-9E00-8AB0238451AD} = {C1140C43-D31B-4DCB-BAEA-591EFA92FF09}
		{D65952A6-13C5-4924-AE8F-3B5EEE1E7C3F} = {54C62F71-2295-4E95-83CB-1A86E06377A9}
	EndGlobalSection
	GlobalSection(ExtensibilityGlobals) = postSolution
		SolutionGuid = {C50B14DA-10B9-42B8-9568-1FE5F2ABC1B2}
	EndGlobalSection
EndGlobal
